{
  "name": "price_comapre",
  "lockfileVersion": 3,
  "requires": true,
  "packages": {
    "": {
      "dependencies": {
        "scraperapi-sdk": "^2.0.1"
      }
    },
    "node_modules/scraperapi-sdk": {
      "version": "2.0.1",
      "resolved": "https://registry.npmjs.org/scraperapi-sdk/-/scraperapi-sdk-2.0.1.tgz",
      "integrity": "sha512-j4bp89daQst73qhGrpAgBuU6t21eI+14fsmtES7gh7IKGtFrAo7pq1xL5ThVYa7Onw6NHYP6uxGFVjMAjIiSCA==",
      "license": "Apache-2.0"
    }
  }
}
